
Microsoft Visual Studio Solution File, Format Version 12.00
# Visual Studio Version 17
VisualStudioVersion = 17.9.34714.143
MinimumVisualStudioVersion = 10.0.40219.1
Project("{FAE04EC0-301F-11D3-BF4B-00C04F79EFBC}") = "Sillicon_BlazorApp_IA", "Sillicon_BlazorApp_IA\Sillicon_BlazorApp_IA\Sillicon_BlazorApp_IA.csproj", "{5D3D032C-5D39-4085-A89A-B37AC4B1914D}"
EndProject
Project("{FAE04EC0-301F-11D3-BF4B-00C04F79EFBC}") = "Sillicon_BlazorApp_IA.Client", "Sillicon_BlazorApp_IA\Sillicon_BlazorApp_IA.Client\Sillicon_BlazorApp_IA.Client.csproj", "{A62A1698-4D96-46AC-B630-32605C5E4389}"
EndProject
Project("{FAE04EC0-301F-11D3-BF4B-00C04F79EFBC}") = "Infrastructure", "Infrastructure\Infrastructure.csproj", "{AED91807-0523-4428-A305-3B9494C2F51D}"
EndProject
Global
	GlobalSection(SolutionConfigurationPlatforms) = preSolution
		Debug|Any CPU = Debug|Any CPU
		Release|Any CPU = Release|Any CPU
	EndGlobalSection
	GlobalSection(ProjectConfigurationPlatforms) = postSolution
		{5D3D032C-5D39-4085-A89A-B37AC4B1914D}.Debug|Any CPU.ActiveCfg = Debug|Any CPU
		{5D3D032C-5D39-4085-A89A-B37AC4B1914D}.Debug|Any CPU.Build.0 = Debug|Any CPU
		{5D3D032C-5D39-4085-A89A-B37AC4B1914D}.Release|Any CPU.ActiveCfg = Release|Any CPU
		{5D3D032C-5D39-4085-A89A-B37AC4B1914D}.Release|Any CPU.Build.0 = Release|Any CPU
		{A62A1698-4D96-46AC-B630-32605C5E4389}.Debug|Any CPU.ActiveCfg = Debug|Any CPU
		{A62A1698-4D96-46AC-B630-32605C5E4389}.Debug|Any CPU.Build.0 = Debug|Any CPU
		{A62A1698-4D96-46AC-B630-32605C5E4389}.Release|Any CPU.ActiveCfg = Release|Any CPU
		{A62A1698-4D96-46AC-B630-32605C5E4389}.Release|Any CPU.Build.0 = Release|Any CPU
		{AED91807-0523-4428-A305-3B9494C2F51D}.Debug|Any CPU.ActiveCfg = Debug|Any CPU
		{AED91807-0523-4428-A305-3B9494C2F51D}.Debug|Any CPU.Build.0 = Debug|Any CPU
		{AED91807-0523-4428-A305-3B9494C2F51D}.Release|Any CPU.ActiveCfg = Release|Any CPU
		{AED91807-0523-4428-A305-3B9494C2F51D}.Release|Any CPU.Build.0 = Release|Any CPU
	EndGlobalSection
	GlobalSection(SolutionProperties) = preSolution
		HideSolutionNode = FALSE
	EndGlobalSection
	GlobalSection(ExtensibilityGlobals) = postSolution
		SolutionGuid = {900402ED-2236-4C1D-9B3B-8FC90789724D}
	EndGlobalSection
EndGlobal
